
Microsoft Visual Studio Solution File, Format Version 12.00
# Visual Studio Version 16
VisualStudioVersion = 16.0.30517.126
MinimumVisualStudioVersion = 10.0.40219.1
Project("{9A19103F-16F7-4668-BE54-9A1E7A4F7556}") = "Sender", "Sender\Sender.csproj", "{E6C0DF13-3A32-414D-92F4-EC6B6DB73357}"
EndProject
Project("{9A19103F-16F7-4668-BE54-9A1E7A4F7556}") = "Recipient", "recipient\Recipient.csproj", "{27404450-9F27-441F-8F59-F64814C158EB}"
EndProject
Project("{9A19103F-16F7-4668-BE54-9A1E7A4F7556}") = "Common", "Common\Common.csproj", "{FD21B58F-C59E-4061-A220-402CBD3B84AE}"
EndProject
Project("{FAE04EC0-301F-11D3-BF4B-00C04F79EFBC}") = "DataContext", "DataContext\DataContext.csproj", "{A06909C9-9A31-4ADF-B342-D399A50BC9DF}"
EndProject
Project("{FAE04EC0-301F-11D3-BF4B-00C04F79EFBC}") = "Tests", "Tests\Tests.csproj", "{205A7FD6-A809-4AA8-A71E-6DD1EA90014B}"
EndProject
Global
	GlobalSection(SolutionConfigurationPlatforms) = preSolution
		Debug|Any CPU = Debug|Any CPU
		Release|Any CPU = Release|Any CPU
	EndGlobalSection
	GlobalSection(ProjectConfigurationPlatforms) = postSolution
		{E6C0DF13-3A32-414D-92F4-EC6B6DB73357}.Debug|Any CPU.ActiveCfg = Debug|Any CPU
		{E6C0DF13-3A32-414D-92F4-EC6B6DB73357}.Debug|Any CPU.Build.0 = Debug|Any CPU
		{E6C0DF13-3A32-414D-92F4-EC6B6DB73357}.Release|Any CPU.ActiveCfg = Release|Any CPU
		{E6C0DF13-3A32-414D-92F4-EC6B6DB73357}.Release|Any CPU.Build.0 = Release|Any CPU
		{27404450-9F27-441F-8F59-F64814C158EB}.Debug|Any CPU.ActiveCfg = Debug|Any CPU
		{27404450-9F27-441F-8F59-F64814C158EB}.Debug|Any CPU.Build.0 = Debug|Any CPU
		{27404450-9F27-441F-8F59-F64814C158EB}.Release|Any CPU.ActiveCfg = Release|Any CPU
		{27404450-9F27-441F-8F59-F64814C158EB}.Release|Any CPU.Build.0 = Release|Any CPU
		{FD21B58F-C59E-4061-A220-402CBD3B84AE}.Debug|Any CPU.ActiveCfg = Debug|Any CPU
		{FD21B58F-C59E-4061-A220-402CBD3B84AE}.Debug|Any CPU.Build.0 = Debug|Any CPU
		{FD21B58F-C59E-4061-A220-402CBD3B84AE}.Release|Any CPU.ActiveCfg = Release|Any CPU
		{FD21B58F-C59E-4061-A220-402CBD3B84AE}.Release|Any CPU.Build.0 = Release|Any CPU
		{A06909C9-9A31-4ADF-B342-D399A50BC9DF}.Debug|Any CPU.ActiveCfg = Debug|Any CPU
		{A06909C9-9A31-4ADF-B342-D399A50BC9DF}.Debug|Any CPU.Build.0 = Debug|Any CPU
		{A06909C9-9A31-4ADF-B342-D399A50BC9DF}.Release|Any CPU.ActiveCfg = Release|Any CPU
		{A06909C9-9A31-4ADF-B342-D399A50BC9DF}.Release|Any CPU.Build.0 = Release|Any CPU
		{205A7FD6-A809-4AA8-A71E-6DD1EA90014B}.Debug|Any CPU.ActiveCfg = Debug|Any CPU
		{205A7FD6-A809-4AA8-A71E-6DD1EA90014B}.Debug|Any CPU.Build.0 = Debug|Any CPU
		{205A7FD6-A809-4AA8-A71E-6DD1EA90014B}.Release|Any CPU.ActiveCfg = Release|Any CPU
		{205A7FD6-A809-4AA8-A71E-6DD1EA90014B}.Release|Any CPU.Build.0 = Release|Any CPU
	EndGlobalSection
	GlobalSection(SolutionProperties) = preSolution
		HideSolutionNode = FALSE
	EndGlobalSection
	GlobalSection(ExtensibilityGlobals) = postSolution
		SolutionGuid = {7AD256E8-13C8-45FC-A9D0-07449F60E21B}
	EndGlobalSection
EndGlobal
